
Microsoft Visual Studio Solution File, Format Version 12.00
# Visual Studio Version 16
VisualStudioVersion = 16.0.31402.337
MinimumVisualStudioVersion = 10.0.40219.1
Project("{FAE04EC0-301F-11D3-BF4B-00C04F79EFBC}") = "Generic Delegate", "Generic Delegate\Generic Delegate.csproj", "{CC315E57-D56B-4A0B-8D49-4E8434AF082C}"
EndProject
Project("{FAE04EC0-301F-11D3-BF4B-00C04F79EFBC}") = "SystemGenericDelegates", "SystemGenericDelegates\SystemGenericDelegates.csproj", "{CA7D3F02-4C3C-4318-8DBC-0334055D97A9}"
EndProject
Project("{FAE04EC0-301F-11D3-BF4B-00C04F79EFBC}") = "Generics Delegate HW", "Generics Delegate HW\Generics Delegate HW.csproj", "{5D38328A-9C42-457E-B639-0F826F582F7F}"
EndProject
Global
	GlobalSection(SolutionConfigurationPlatforms) = preSolution
		Debug|Any CPU = Debug|Any CPU
		Release|Any CPU = Release|Any CPU
	EndGlobalSection
	GlobalSection(ProjectConfigurationPlatforms) = postSolution
		{CC315E57-D56B-4A0B-8D49-4E8434AF082C}.Debug|Any CPU.ActiveCfg = Debug|Any CPU
		{CC315E57-D56B-4A0B-8D49-4E8434AF082C}.Debug|Any CPU.Build.0 = Debug|Any CPU
		{CC315E57-D56B-4A0B-8D49-4E8434AF082C}.Release|Any CPU.ActiveCfg = Release|Any CPU
		{CC315E57-D56B-4A0B-8D49-4E8434AF082C}.Release|Any CPU.Build.0 = Release|Any CPU
		{CA7D3F02-4C3C-4318-8DBC-0334055D97A9}.Debug|Any CPU.ActiveCfg = Debug|Any CPU
		{CA7D3F02-4C3C-4318-8DBC-0334055D97A9}.Debug|Any CPU.Build.0 = Debug|Any CPU
		{CA7D3F02-4C3C-4318-8DBC-0334055D97A9}.Release|Any CPU.ActiveCfg = Release|Any CPU
		{CA7D3F02-4C3C-4318-8DBC-0334055D97A9}.Release|Any CPU.Build.0 = Release|Any CPU
		{5D38328A-9C42-457E-B639-0F826F582F7F}.Debug|Any CPU.ActiveCfg = Debug|Any CPU
		{5D38328A-9C42-457E-B639-0F826F582F7F}.Debug|Any CPU.Build.0 = Debug|Any CPU
		{5D38328A-9C42-457E-B639-0F826F582F7F}.Release|Any CPU.ActiveCfg = Release|Any CPU
		{5D38328A-9C42-457E-B639-0F826F582F7F}.Release|Any CPU.Build.0 = Release|Any CPU
	EndGlobalSection
	GlobalSection(SolutionProperties) = preSolution
		HideSolutionNode = FALSE
	EndGlobalSection
	GlobalSection(ExtensibilityGlobals) = postSolution
		SolutionGuid = {F1E60AEE-D3F6-4C54-AEC6-AEBF92E801BB}
	EndGlobalSection
EndGlobal
